// !$*UTF8*$!
{
	archiveVersion = 1;
	classes = {
	};
	objectVersion = 56;
	objects = {

/* Begin PBXBuildFile section */
		946AEF30299CE32C0088572A /* Tracker.swift in Sources */ = {isa = PBXBuildFile; fileRef = 946AEF2F299CE32C0088572A /* Tracker.swift */; };
		946AEF33299D42060088572A /* TrackerListItem.swift in Sources */ = {isa = PBXBuildFile; fileRef = 946AEF32299D42060088572A /* TrackerListItem.swift */; };
		947132C52997454700FE8955 /* TrackerListCell.swift in Sources */ = {isa = PBXBuildFile; fileRef = 947132C42997454700FE8955 /* TrackerListCell.swift */; };
		948E12BE29975677002BD4D8 /* EmojiCell.swift in Sources */ = {isa = PBXBuildFile; fileRef = 948E12BD29975677002BD4D8 /* EmojiCell.swift */; };
		948E12C029977400002BD4D8 /* CollectionHeader.swift in Sources */ = {isa = PBXBuildFile; fileRef = 948E12BF29977400002BD4D8 /* CollectionHeader.swift */; };
		948E12C22997B858002BD4D8 /* ColorCell.swift in Sources */ = {isa = PBXBuildFile; fileRef = 948E12C12997B858002BD4D8 /* ColorCell.swift */; };
		948E12C7299905E8002BD4D8 /* CategoriesViewController.swift in Sources */ = {isa = PBXBuildFile; fileRef = 948E12C6299905E8002BD4D8 /* CategoriesViewController.swift */; };
		948E12C92999139D002BD4D8 /* CategoriesListCell.swift in Sources */ = {isa = PBXBuildFile; fileRef = 948E12C82999139D002BD4D8 /* CategoriesListCell.swift */; };
		948E12CB2999E972002BD4D8 /* AddCategoryViewController.swift in Sources */ = {isa = PBXBuildFile; fileRef = 948E12CA2999E972002BD4D8 /* AddCategoryViewController.swift */; };
		948E12CE299A0732002BD4D8 /* Category.swift in Sources */ = {isa = PBXBuildFile; fileRef = 948E12CD299A0732002BD4D8 /* Category.swift */; };
		948E12D0299A0B89002BD4D8 /* DataManagement.swift in Sources */ = {isa = PBXBuildFile; fileRef = 948E12CF299A0B89002BD4D8 /* DataManagement.swift */; };
		94A2D7442988E4020051AD19 /* AppDelegate.swift in Sources */ = {isa = PBXBuildFile; fileRef = 94A2D7432988E4020051AD19 /* AppDelegate.swift */; };
		94A2D7462988E4020051AD19 /* SceneDelegate.swift in Sources */ = {isa = PBXBuildFile; fileRef = 94A2D7452988E4020051AD19 /* SceneDelegate.swift */; };
		94A2D7482988E4020051AD19 /* SplashViewController.swift in Sources */ = {isa = PBXBuildFile; fileRef = 94A2D7472988E4020051AD19 /* SplashViewController.swift */; };
		94A2D74D2988E4030051AD19 /* Assets.xcassets in Resources */ = {isa = PBXBuildFile; fileRef = 94A2D74C2988E4030051AD19 /* Assets.xcassets */; };
		94A2D7502988E4030051AD19 /* LaunchScreen.storyboard in Resources */ = {isa = PBXBuildFile; fileRef = 94A2D74E2988E4030051AD19 /* LaunchScreen.storyboard */; };
		94A2D7582988EA550051AD19 /* OnboardingVC.swift in Sources */ = {isa = PBXBuildFile; fileRef = 94A2D7572988EA550051AD19 /* OnboardingVC.swift */; };
		94A2D760298BC8880051AD19 /* YS.ttf in Resources */ = {isa = PBXBuildFile; fileRef = 94A2D75E298BC8880051AD19 /* YS.ttf */; };
		94A2D761298BC8880051AD19 /* YSBold.ttf in Resources */ = {isa = PBXBuildFile; fileRef = 94A2D75F298BC8880051AD19 /* YSBold.ttf */; };
		94A2D765298BCB2E0051AD19 /* Font.swift in Sources */ = {isa = PBXBuildFile; fileRef = 94A2D764298BCB2E0051AD19 /* Font.swift */; };
		94A2D768298CF5370051AD19 /* YPButton.swift in Sources */ = {isa = PBXBuildFile; fileRef = 94A2D767298CF5370051AD19 /* YPButton.swift */; };
		94A2D78A29922D380051AD19 /* TrackerListVC.swift in Sources */ = {isa = PBXBuildFile; fileRef = 94A2D78929922D380051AD19 /* TrackerListVC.swift */; };
		94A2D78E2994A6E20051AD19 /* CreateNewTrackerViewController.swift in Sources */ = {isa = PBXBuildFile; fileRef = 94A2D78D2994A6E20051AD19 /* CreateNewTrackerViewController.swift */; };
		94A2D7902994D1A90051AD19 /* NewTrackerViewController.swift in Sources */ = {isa = PBXBuildFile; fileRef = 94A2D78F2994D1A90051AD19 /* NewTrackerViewController.swift */; };
		94BD1407299B33240003560C /* ScheduleViewCotroller.swift in Sources */ = {isa = PBXBuildFile; fileRef = 94BD1406299B33240003560C /* ScheduleViewCotroller.swift */; };
		94BD1409299B35A20003560C /* ScheduleListCell.swift in Sources */ = {isa = PBXBuildFile; fileRef = 94BD1408299B35A20003560C /* ScheduleListCell.swift */; };
		94BD140B299B51E90003560C /* Schedule.swift in Sources */ = {isa = PBXBuildFile; fileRef = 94BD140A299B51E90003560C /* Schedule.swift */; };
		94C56F33299E0E5D0061F4FA /* Label.swift in Sources */ = {isa = PBXBuildFile; fileRef = 94C56F32299E0E5D0061F4FA /* Label.swift */; };
		94C56F35299E6EFB0061F4FA /* DoneButton.swift in Sources */ = {isa = PBXBuildFile; fileRef = 94C56F34299E6EFB0061F4FA /* DoneButton.swift */; };
/* End PBXBuildFile section */

/* Begin PBXFileReference section */
		946AEF2F299CE32C0088572A /* Tracker.swift */ = {isa = PBXFileReference; lastKnownFileType = sourcecode.swift; path = Tracker.swift; sourceTree = "<group>"; };
		946AEF32299D42060088572A /* TrackerListItem.swift */ = {isa = PBXFileReference; lastKnownFileType = sourcecode.swift; path = TrackerListItem.swift; sourceTree = "<group>"; };
		947132C42997454700FE8955 /* TrackerListCell.swift */ = {isa = PBXFileReference; lastKnownFileType = sourcecode.swift; path = TrackerListCell.swift; sourceTree = "<group>"; };
		948E12BD29975677002BD4D8 /* EmojiCell.swift */ = {isa = PBXFileReference; lastKnownFileType = sourcecode.swift; path = EmojiCell.swift; sourceTree = "<group>"; };
		948E12BF29977400002BD4D8 /* CollectionHeader.swift */ = {isa = PBXFileReference; lastKnownFileType = sourcecode.swift; path = CollectionHeader.swift; sourceTree = "<group>"; };
		948E12C12997B858002BD4D8 /* ColorCell.swift */ = {isa = PBXFileReference; lastKnownFileType = sourcecode.swift; path = ColorCell.swift; sourceTree = "<group>"; };
		948E12C6299905E8002BD4D8 /* CategoriesViewController.swift */ = {isa = PBXFileReference; lastKnownFileType = sourcecode.swift; path = CategoriesViewController.swift; sourceTree = "<group>"; };
		948E12C82999139D002BD4D8 /* CategoriesListCell.swift */ = {isa = PBXFileReference; lastKnownFileType = sourcecode.swift; path = CategoriesListCell.swift; sourceTree = "<group>"; };
		948E12CA2999E972002BD4D8 /* AddCategoryViewController.swift */ = {isa = PBXFileReference; lastKnownFileType = sourcecode.swift; path = AddCategoryViewController.swift; sourceTree = "<group>"; };
		948E12CD299A0732002BD4D8 /* Category.swift */ = {isa = PBXFileReference; lastKnownFileType = sourcecode.swift; path = Category.swift; sourceTree = "<group>"; };
		948E12CF299A0B89002BD4D8 /* DataManagement.swift */ = {isa = PBXFileReference; lastKnownFileType = sourcecode.swift; path = DataManagement.swift; sourceTree = "<group>"; };
		94A2D7402988E4020051AD19 /* Tracker.app */ = {isa = PBXFileReference; explicitFileType = wrapper.application; includeInIndex = 0; path = Tracker.app; sourceTree = BUILT_PRODUCTS_DIR; };
		94A2D7432988E4020051AD19 /* AppDelegate.swift */ = {isa = PBXFileReference; lastKnownFileType = sourcecode.swift; path = AppDelegate.swift; sourceTree = "<group>"; };
		94A2D7452988E4020051AD19 /* SceneDelegate.swift */ = {isa = PBXFileReference; lastKnownFileType = sourcecode.swift; path = SceneDelegate.swift; sourceTree = "<group>"; };
		94A2D7472988E4020051AD19 /* SplashViewController.swift */ = {isa = PBXFileReference; lastKnownFileType = sourcecode.swift; path = SplashViewController.swift; sourceTree = "<group>"; };
		94A2D74C2988E4030051AD19 /* Assets.xcassets */ = {isa = PBXFileReference; lastKnownFileType = folder.assetcatalog; path = Assets.xcassets; sourceTree = "<group>"; };
		94A2D74F2988E4030051AD19 /* Base */ = {isa = PBXFileReference; lastKnownFileType = file.storyboard; name = Base; path = Base.lproj/LaunchScreen.storyboard; sourceTree = "<group>"; };
		94A2D7512988E4030051AD19 /* Info.plist */ = {isa = PBXFileReference; lastKnownFileType = text.plist.xml; path = Info.plist; sourceTree = "<group>"; };
		94A2D7572988EA550051AD19 /* OnboardingVC.swift */ = {isa = PBXFileReference; lastKnownFileType = sourcecode.swift; path = OnboardingVC.swift; sourceTree = "<group>"; };
		94A2D75E298BC8880051AD19 /* YS.ttf */ = {isa = PBXFileReference; lastKnownFileType = file; path = YS.ttf; sourceTree = "<group>"; };
		94A2D75F298BC8880051AD19 /* YSBold.ttf */ = {isa = PBXFileReference; lastKnownFileType = file; path = YSBold.ttf; sourceTree = "<group>"; };
		94A2D764298BCB2E0051AD19 /* Font.swift */ = {isa = PBXFileReference; lastKnownFileType = sourcecode.swift; path = Font.swift; sourceTree = "<group>"; };
		94A2D767298CF5370051AD19 /* YPButton.swift */ = {isa = PBXFileReference; lastKnownFileType = sourcecode.swift; path = YPButton.swift; sourceTree = "<group>"; };
		94A2D78929922D380051AD19 /* TrackerListVC.swift */ = {isa = PBXFileReference; lastKnownFileType = sourcecode.swift; path = TrackerListVC.swift; sourceTree = "<group>"; };
		94A2D78D2994A6E20051AD19 /* CreateNewTrackerViewController.swift */ = {isa = PBXFileReference; lastKnownFileType = sourcecode.swift; path = CreateNewTrackerViewController.swift; sourceTree = "<group>"; };
		94A2D78F2994D1A90051AD19 /* NewTrackerViewController.swift */ = {isa = PBXFileReference; lastKnownFileType = sourcecode.swift; path = NewTrackerViewController.swift; sourceTree = "<group>"; };
		94BD1406299B33240003560C /* ScheduleViewCotroller.swift */ = {isa = PBXFileReference; lastKnownFileType = sourcecode.swift; path = ScheduleViewCotroller.swift; sourceTree = "<group>"; };
		94BD1408299B35A20003560C /* ScheduleListCell.swift */ = {isa = PBXFileReference; lastKnownFileType = sourcecode.swift; path = ScheduleListCell.swift; sourceTree = "<group>"; };
		94BD140A299B51E90003560C /* Schedule.swift */ = {isa = PBXFileReference; lastKnownFileType = sourcecode.swift; path = Schedule.swift; sourceTree = "<group>"; };
		94C56F32299E0E5D0061F4FA /* Label.swift */ = {isa = PBXFileReference; lastKnownFileType = sourcecode.swift; path = Label.swift; sourceTree = "<group>"; };
		94C56F34299E6EFB0061F4FA /* DoneButton.swift */ = {isa = PBXFileReference; lastKnownFileType = sourcecode.swift; path = DoneButton.swift; sourceTree = "<group>"; };
/* End PBXFileReference section */

/* Begin PBXFrameworksBuildPhase section */
		94A2D73D2988E4020051AD19 /* Frameworks */ = {
			isa = PBXFrameworksBuildPhase;
			buildActionMask = 2147483647;
			files = (
			);
			runOnlyForDeploymentPostprocessing = 0;
		};
/* End PBXFrameworksBuildPhase section */

/* Begin PBXGroup section */
		946AEF31299D40F80088572A /* Home */ = {
			isa = PBXGroup;
			children = (
				94A2D7572988EA550051AD19 /* OnboardingVC.swift */,
				94A2D78929922D380051AD19 /* TrackerListVC.swift */,
				946AEF32299D42060088572A /* TrackerListItem.swift */,
			);
			path = Home;
			sourceTree = "<group>";
		};
		948E12C529990384002BD4D8 /* Category */ = {
			isa = PBXGroup;
			children = (
				948E12C6299905E8002BD4D8 /* CategoriesViewController.swift */,
				948E12C82999139D002BD4D8 /* CategoriesListCell.swift */,
				948E12CA2999E972002BD4D8 /* AddCategoryViewController.swift */,
			);
			path = Category;
			sourceTree = "<group>";
		};
		948E12CC299A06FF002BD4D8 /* Structs */ = {
			isa = PBXGroup;
			children = (
				948E12CD299A0732002BD4D8 /* Category.swift */,
				94BD140A299B51E90003560C /* Schedule.swift */,
				946AEF2F299CE32C0088572A /* Tracker.swift */,
			);
			path = Structs;
			sourceTree = "<group>";
		};
		94A2D7372988E4020051AD19 = {
			isa = PBXGroup;
			children = (
				94A2D7422988E4020051AD19 /* Tracker */,
				94A2D7412988E4020051AD19 /* Products */,
			);
			sourceTree = "<group>";
		};
		94A2D7412988E4020051AD19 /* Products */ = {
			isa = PBXGroup;
			children = (
				94A2D7402988E4020051AD19 /* Tracker.app */,
			);
			name = Products;
			sourceTree = "<group>";
		};
		94A2D7422988E4020051AD19 /* Tracker */ = {
			isa = PBXGroup;
			children = (
				94A2D78B2994A6480051AD19 /* Screens */,
				94A2D762298BCAC10051AD19 /* Helpers */,
				94A2D759298BC46A0051AD19 /* Resources */,
				94A2D7432988E4020051AD19 /* AppDelegate.swift */,
				94A2D7452988E4020051AD19 /* SceneDelegate.swift */,
				94A2D7472988E4020051AD19 /* SplashViewController.swift */,
				94A2D7512988E4030051AD19 /* Info.plist */,
			);
			path = Tracker;
			sourceTree = "<group>";
		};
		94A2D759298BC46A0051AD19 /* Resources */ = {
			isa = PBXGroup;
			children = (
				94A2D75F298BC8880051AD19 /* YSBold.ttf */,
				94A2D75E298BC8880051AD19 /* YS.ttf */,
				94A2D74C2988E4030051AD19 /* Assets.xcassets */,
				94A2D74E2988E4030051AD19 /* LaunchScreen.storyboard */,
			);
			path = Resources;
			sourceTree = "<group>";
		};
		94A2D762298BCAC10051AD19 /* Helpers */ = {
			isa = PBXGroup;
			children = (
				948E12CF299A0B89002BD4D8 /* DataManagement.swift */,
				948E12CC299A06FF002BD4D8 /* Structs */,
				94A2D766298CF5230051AD19 /* UI */,
				94A2D763298BCB1D0051AD19 /* Extensions */,
			);
			path = Helpers;
			sourceTree = "<group>";
		};
		94A2D763298BCB1D0051AD19 /* Extensions */ = {
			isa = PBXGroup;
			children = (
				94A2D764298BCB2E0051AD19 /* Font.swift */,
				94C56F32299E0E5D0061F4FA /* Label.swift */,
			);
			path = Extensions;
			sourceTree = "<group>";
		};
		94A2D766298CF5230051AD19 /* UI */ = {
			isa = PBXGroup;
			children = (
				94A2D767298CF5370051AD19 /* YPButton.swift */,
				94C56F34299E6EFB0061F4FA /* DoneButton.swift */,
			);
			path = UI;
			sourceTree = "<group>";
		};
		94A2D78B2994A6480051AD19 /* Screens */ = {
			isa = PBXGroup;
			children = (
				946AEF31299D40F80088572A /* Home */,
				94BD1405299B32EB0003560C /* Schedule */,
				948E12C529990384002BD4D8 /* Category */,
				94A2D78C2994A6950051AD19 /* Tracker */,
			);
			path = Screens;
			sourceTree = "<group>";
		};
		94A2D78C2994A6950051AD19 /* Tracker */ = {
			isa = PBXGroup;
			children = (
				94A2D78D2994A6E20051AD19 /* CreateNewTrackerViewController.swift */,
				94A2D78F2994D1A90051AD19 /* NewTrackerViewController.swift */,
				947132C42997454700FE8955 /* TrackerListCell.swift */,
				948E12BD29975677002BD4D8 /* EmojiCell.swift */,
				948E12BF29977400002BD4D8 /* CollectionHeader.swift */,
				948E12C12997B858002BD4D8 /* ColorCell.swift */,
			);
			path = Tracker;
			sourceTree = "<group>";
		};
		94BD1405299B32EB0003560C /* Schedule */ = {
			isa = PBXGroup;
			children = (
				94BD1406299B33240003560C /* ScheduleViewCotroller.swift */,
				94BD1408299B35A20003560C /* ScheduleListCell.swift */,
			);
			path = Schedule;
			sourceTree = "<group>";
		};
/* End PBXGroup section */

/* Begin PBXNativeTarget section */
		94A2D73F2988E4020051AD19 /* Tracker */ = {
			isa = PBXNativeTarget;
			buildConfigurationList = 94A2D7542988E4030051AD19 /* Build configuration list for PBXNativeTarget "Tracker" */;
			buildPhases = (
				94A2D73C2988E4020051AD19 /* Sources */,
				94A2D73D2988E4020051AD19 /* Frameworks */,
				94A2D73E2988E4020051AD19 /* Resources */,
			);
			buildRules = (
			);
			dependencies = (
			);
			name = Tracker;
			productName = Tracker;
			productReference = 94A2D7402988E4020051AD19 /* Tracker.app */;
			productType = "com.apple.product-type.application";
		};
/* End PBXNativeTarget section */

/* Begin PBXProject section */
		94A2D7382988E4020051AD19 /* Project object */ = {
			isa = PBXProject;
			attributes = {
				BuildIndependentTargetsInParallel = 1;
				LastSwiftUpdateCheck = 1410;
				LastUpgradeCheck = 1410;
				TargetAttributes = {
					94A2D73F2988E4020051AD19 = {
						CreatedOnToolsVersion = 14.1;
					};
				};
			};
			buildConfigurationList = 94A2D73B2988E4020051AD19 /* Build configuration list for PBXProject "Tracker" */;
			compatibilityVersion = "Xcode 14.0";
			developmentRegion = en;
			hasScannedForEncodings = 0;
			knownRegions = (
				en,
				Base,
			);
			mainGroup = 94A2D7372988E4020051AD19;
			productRefGroup = 94A2D7412988E4020051AD19 /* Products */;
			projectDirPath = "";
			projectRoot = "";
			targets = (
				94A2D73F2988E4020051AD19 /* Tracker */,
			);
		};
/* End PBXProject section */

/* Begin PBXResourcesBuildPhase section */
		94A2D73E2988E4020051AD19 /* Resources */ = {
			isa = PBXResourcesBuildPhase;
			buildActionMask = 2147483647;
			files = (
				94A2D7502988E4030051AD19 /* LaunchScreen.storyboard in Resources */,
				94A2D760298BC8880051AD19 /* YS.ttf in Resources */,
				94A2D74D2988E4030051AD19 /* Assets.xcassets in Resources */,
				94A2D761298BC8880051AD19 /* YSBold.ttf in Resources */,
			);
			runOnlyForDeploymentPostprocessing = 0;
		};
/* End PBXResourcesBuildPhase section */

/* Begin PBXSourcesBuildPhase section */
		94A2D73C2988E4020051AD19 /* Sources */ = {
			isa = PBXSourcesBuildPhase;
			buildActionMask = 2147483647;
			files = (
				948E12D0299A0B89002BD4D8 /* DataManagement.swift in Sources */,
				948E12CE299A0732002BD4D8 /* Category.swift in Sources */,
				94BD140B299B51E90003560C /* Schedule.swift in Sources */,
				94A2D78E2994A6E20051AD19 /* CreateNewTrackerViewController.swift in Sources */,
				94A2D7482988E4020051AD19 /* SplashViewController.swift in Sources */,
				94A2D7582988EA550051AD19 /* OnboardingVC.swift in Sources */,
				94A2D768298CF5370051AD19 /* YPButton.swift in Sources */,
				94C56F35299E6EFB0061F4FA /* DoneButton.swift in Sources */,
				94A2D765298BCB2E0051AD19 /* Font.swift in Sources */,
				94C56F33299E0E5D0061F4FA /* Label.swift in Sources */,
				948E12C92999139D002BD4D8 /* CategoriesListCell.swift in Sources */,
				94A2D78A29922D380051AD19 /* TrackerListVC.swift in Sources */,
				948E12C029977400002BD4D8 /* CollectionHeader.swift in Sources */,
				948E12BE29975677002BD4D8 /* EmojiCell.swift in Sources */,
				94A2D7442988E4020051AD19 /* AppDelegate.swift in Sources */,
				946AEF30299CE32C0088572A /* Tracker.swift in Sources */,
				94BD1409299B35A20003560C /* ScheduleListCell.swift in Sources */,
				94BD1407299B33240003560C /* ScheduleViewCotroller.swift in Sources */,
				946AEF33299D42060088572A /* TrackerListItem.swift in Sources */,
				94A2D7902994D1A90051AD19 /* NewTrackerViewController.swift in Sources */,
				947132C52997454700FE8955 /* TrackerListCell.swift in Sources */,
				948E12CB2999E972002BD4D8 /* AddCategoryViewController.swift in Sources */,
				948E12C22997B858002BD4D8 /* ColorCell.swift in Sources */,
				94A2D7462988E4020051AD19 /* SceneDelegate.swift in Sources */,
				948E12C7299905E8002BD4D8 /* CategoriesViewController.swift in Sources */,
			);
			runOnlyForDeploymentPostprocessing = 0;
		};
/* End PBXSourcesBuildPhase section */

/* Begin PBXVariantGroup section */
		94A2D74E2988E4030051AD19 /* LaunchScreen.storyboard */ = {
			isa = PBXVariantGroup;
			children = (
				94A2D74F2988E4030051AD19 /* Base */,
			);
			name = LaunchScreen.storyboard;
			sourceTree = "<group>";
		};
/* End PBXVariantGroup section */

/* Begin XCBuildConfiguration section */
		94A2D7522988E4030051AD19 /* Debug */ = {
			isa = XCBuildConfiguration;
			buildSettings = {
				ALWAYS_SEARCH_USER_PATHS = NO;
				CLANG_ANALYZER_NONNULL = YES;
				CLANG_ANALYZER_NUMBER_OBJECT_CONVERSION = YES_AGGRESSIVE;
				CLANG_CXX_LANGUAGE_STANDARD = "gnu++20";
				CLANG_ENABLE_MODULES = YES;
				CLANG_ENABLE_OBJC_ARC = YES;
				CLANG_ENABLE_OBJC_WEAK = YES;
				CLANG_WARN_BLOCK_CAPTURE_AUTORELEASING = YES;
				CLANG_WARN_BOOL_CONVERSION = YES;
				CLANG_WARN_COMMA = YES;
				CLANG_WARN_CONSTANT_CONVERSION = YES;
				CLANG_WARN_DEPRECATED_OBJC_IMPLEMENTATIONS = YES;
				CLANG_WARN_DIRECT_OBJC_ISA_USAGE = YES_ERROR;
				CLANG_WARN_DOCUMENTATION_COMMENTS = YES;
				CLANG_WARN_EMPTY_BODY = YES;
				CLANG_WARN_ENUM_CONVERSION = YES;
				CLANG_WARN_INFINITE_RECURSION = YES;
				CLANG_WARN_INT_CONVERSION = YES;
				CLANG_WARN_NON_LITERAL_NULL_CONVERSION = YES;
				CLANG_WARN_OBJC_IMPLICIT_RETAIN_SELF = YES;
				CLANG_WARN_OBJC_LITERAL_CONVERSION = YES;
				CLANG_WARN_OBJC_ROOT_CLASS = YES_ERROR;
				CLANG_WARN_QUOTED_INCLUDE_IN_FRAMEWORK_HEADER = YES;
				CLANG_WARN_RANGE_LOOP_ANALYSIS = YES;
				CLANG_WARN_STRICT_PROTOTYPES = YES;
				CLANG_WARN_SUSPICIOUS_MOVE = YES;
				CLANG_WARN_UNGUARDED_AVAILABILITY = YES_AGGRESSIVE;
				CLANG_WARN_UNREACHABLE_CODE = YES;
				CLANG_WARN__DUPLICATE_METHOD_MATCH = YES;
				COPY_PHASE_STRIP = NO;
				DEBUG_INFORMATION_FORMAT = dwarf;
				ENABLE_STRICT_OBJC_MSGSEND = YES;
				ENABLE_TESTABILITY = YES;
				GCC_C_LANGUAGE_STANDARD = gnu11;
				GCC_DYNAMIC_NO_PIC = NO;
				GCC_NO_COMMON_BLOCKS = YES;
				GCC_OPTIMIZATION_LEVEL = 0;
				GCC_PREPROCESSOR_DEFINITIONS = (
					"DEBUG=1",
					"$(inherited)",
				);
				GCC_WARN_64_TO_32_BIT_CONVERSION = YES;
				GCC_WARN_ABOUT_RETURN_TYPE = YES_ERROR;
				GCC_WARN_UNDECLARED_SELECTOR = YES;
				GCC_WARN_UNINITIALIZED_AUTOS = YES_AGGRESSIVE;
				GCC_WARN_UNUSED_FUNCTION = YES;
				GCC_WARN_UNUSED_VARIABLE = YES;
				IPHONEOS_DEPLOYMENT_TARGET = 16.1;
				MTL_ENABLE_DEBUG_INFO = INCLUDE_SOURCE;
				MTL_FAST_MATH = YES;
				ONLY_ACTIVE_ARCH = YES;
				SDKROOT = iphoneos;
				SWIFT_ACTIVE_COMPILATION_CONDITIONS = DEBUG;
				SWIFT_OPTIMIZATION_LEVEL = "-Onone";
			};
			name = Debug;
		};
		94A2D7532988E4030051AD19 /* Release */ = {
			isa = XCBuildConfiguration;
			buildSettings = {
				ALWAYS_SEARCH_USER_PATHS = NO;
				CLANG_ANALYZER_NONNULL = YES;
				CLANG_ANALYZER_NUMBER_OBJECT_CONVERSION = YES_AGGRESSIVE;
				CLANG_CXX_LANGUAGE_STANDARD = "gnu++20";
				CLANG_ENABLE_MODULES = YES;
				CLANG_ENABLE_OBJC_ARC = YES;
				CLANG_ENABLE_OBJC_WEAK = YES;
				CLANG_WARN_BLOCK_CAPTURE_AUTORELEASING = YES;
				CLANG_WARN_BOOL_CONVERSION = YES;
				CLANG_WARN_COMMA = YES;
				CLANG_WARN_CONSTANT_CONVERSION = YES;
				CLANG_WARN_DEPRECATED_OBJC_IMPLEMENTATIONS = YES;
				CLANG_WARN_DIRECT_OBJC_ISA_USAGE = YES_ERROR;
				CLANG_WARN_DOCUMENTATION_COMMENTS = YES;
				CLANG_WARN_EMPTY_BODY = YES;
				CLANG_WARN_ENUM_CONVERSION = YES;
				CLANG_WARN_INFINITE_RECURSION = YES;
				CLANG_WARN_INT_CONVERSION = YES;
				CLANG_WARN_NON_LITERAL_NULL_CONVERSION = YES;
				CLANG_WARN_OBJC_IMPLICIT_RETAIN_SELF = YES;
				CLANG_WARN_OBJC_LITERAL_CONVERSION = YES;
				CLANG_WARN_OBJC_ROOT_CLASS = YES_ERROR;
				CLANG_WARN_QUOTED_INCLUDE_IN_FRAMEWORK_HEADER = YES;
				CLANG_WARN_RANGE_LOOP_ANALYSIS = YES;
				CLANG_WARN_STRICT_PROTOTYPES = YES;
				CLANG_WARN_SUSPICIOUS_MOVE = YES;
				CLANG_WARN_UNGUARDED_AVAILABILITY = YES_AGGRESSIVE;
				CLANG_WARN_UNREACHABLE_CODE = YES;
				CLANG_WARN__DUPLICATE_METHOD_MATCH = YES;
				COPY_PHASE_STRIP = NO;
				DEBUG_INFORMATION_FORMAT = "dwarf-with-dsym";
				ENABLE_NS_ASSERTIONS = NO;
				ENABLE_STRICT_OBJC_MSGSEND = YES;
				GCC_C_LANGUAGE_STANDARD = gnu11;
				GCC_NO_COMMON_BLOCKS = YES;
				GCC_WARN_64_TO_32_BIT_CONVERSION = YES;
				GCC_WARN_ABOUT_RETURN_TYPE = YES_ERROR;
				GCC_WARN_UNDECLARED_SELECTOR = YES;
				GCC_WARN_UNINITIALIZED_AUTOS = YES_AGGRESSIVE;
				GCC_WARN_UNUSED_FUNCTION = YES;
				GCC_WARN_UNUSED_VARIABLE = YES;
				IPHONEOS_DEPLOYMENT_TARGET = 16.1;
				MTL_ENABLE_DEBUG_INFO = NO;
				MTL_FAST_MATH = YES;
				SDKROOT = iphoneos;
				SWIFT_COMPILATION_MODE = wholemodule;
				SWIFT_OPTIMIZATION_LEVEL = "-O";
				VALIDATE_PRODUCT = YES;
			};
			name = Release;
		};
		94A2D7552988E4030051AD19 /* Debug */ = {
			isa = XCBuildConfiguration;
			buildSettings = {
				ASSETCATALOG_COMPILER_APPICON_NAME = AppIcon;
				ASSETCATALOG_COMPILER_GLOBAL_ACCENT_COLOR_NAME = AccentColor;
				CODE_SIGN_STYLE = Automatic;
				CURRENT_PROJECT_VERSION = 1;
				GENERATE_INFOPLIST_FILE = YES;
				INFOPLIST_FILE = Tracker/Info.plist;
				INFOPLIST_KEY_UIApplicationSupportsIndirectInputEvents = YES;
				INFOPLIST_KEY_UILaunchStoryboardName = LaunchScreen;
				INFOPLIST_KEY_UISupportedInterfaceOrientations = UIInterfaceOrientationPortrait;
				IPHONEOS_DEPLOYMENT_TARGET = 13.4;
				LD_RUNPATH_SEARCH_PATHS = (
					"$(inherited)",
					"@executable_path/Frameworks",
				);
				MARKETING_VERSION = 1.0;
				PRODUCT_BUNDLE_IDENTIFIER = ru.mp3moto.tracker.Tracker;
				PRODUCT_NAME = "$(TARGET_NAME)";
				SUPPORTED_PLATFORMS = "iphoneos iphonesimulator";
				SUPPORTS_MACCATALYST = NO;
				SUPPORTS_MAC_DESIGNED_FOR_IPHONE_IPAD = NO;
				SWIFT_EMIT_LOC_STRINGS = YES;
				SWIFT_VERSION = 5.0;
				TARGETED_DEVICE_FAMILY = 1;
			};
			name = Debug;
		};
		94A2D7562988E4030051AD19 /* Release */ = {
			isa = XCBuildConfiguration;
			buildSettings = {
				ASSETCATALOG_COMPILER_APPICON_NAME = AppIcon;
				ASSETCATALOG_COMPILER_GLOBAL_ACCENT_COLOR_NAME = AccentColor;
				CODE_SIGN_STYLE = Automatic;
				CURRENT_PROJECT_VERSION = 1;
				GENERATE_INFOPLIST_FILE = YES;
				INFOPLIST_FILE = Tracker/Info.plist;
				INFOPLIST_KEY_UIApplicationSupportsIndirectInputEvents = YES;
				INFOPLIST_KEY_UILaunchStoryboardName = LaunchScreen;
				INFOPLIST_KEY_UISupportedInterfaceOrientations = UIInterfaceOrientationPortrait;
				IPHONEOS_DEPLOYMENT_TARGET = 13.4;
				LD_RUNPATH_SEARCH_PATHS = (
					"$(inherited)",
					"@executable_path/Frameworks",
				);
				MARKETING_VERSION = 1.0;
				PRODUCT_BUNDLE_IDENTIFIER = ru.mp3moto.tracker.Tracker;
				PRODUCT_NAME = "$(TARGET_NAME)";
				SUPPORTED_PLATFORMS = "iphoneos iphonesimulator";
				SUPPORTS_MACCATALYST = NO;
				SUPPORTS_MAC_DESIGNED_FOR_IPHONE_IPAD = NO;
				SWIFT_EMIT_LOC_STRINGS = YES;
				SWIFT_VERSION = 5.0;
				TARGETED_DEVICE_FAMILY = 1;
			};
			name = Release;
		};
/* End XCBuildConfiguration section */

/* Begin XCConfigurationList section */
		94A2D73B2988E4020051AD19 /* Build configuration list for PBXProject "Tracker" */ = {
			isa = XCConfigurationList;
			buildConfigurations = (
				94A2D7522988E4030051AD19 /* Debug */,
				94A2D7532988E4030051AD19 /* Release */,
			);
			defaultConfigurationIsVisible = 0;
			defaultConfigurationName = Release;
		};
		94A2D7542988E4030051AD19 /* Build configuration list for PBXNativeTarget "Tracker" */ = {
			isa = XCConfigurationList;
			buildConfigurations = (
				94A2D7552988E4030051AD19 /* Debug */,
				94A2D7562988E4030051AD19 /* Release */,
			);
			defaultConfigurationIsVisible = 0;
			defaultConfigurationName = Release;
		};
/* End XCConfigurationList section */
	};
	rootObject = 94A2D7382988E4020051AD19 /* Project object */;
}
